
Microsoft Visual Studio Solution File, Format Version 12.00
# Visual Studio Version 16
VisualStudioVersion = 16.0.29102.190
MinimumVisualStudioVersion = 10.0.40219.1
Project("{FAE04EC0-301F-11D3-BF4B-00C04F79EFBC}") = "Cadastro.Android", "Cadastro\Cadastro.Android\Cadastro.Android.csproj", "{34BB9A08-291B-494A-977F-4FC635F8224A}"
EndProject
Project("{FAE04EC0-301F-11D3-BF4B-00C04F79EFBC}") = "Cadastro", "Cadastro\Cadastro\Cadastro.csproj", "{B9C59462-5B6F-48F2-8005-22024B0D0531}"
EndProject
Global
	GlobalSection(SolutionConfigurationPlatforms) = preSolution
		Debug|Any CPU = Debug|Any CPU
		Release|Any CPU = Release|Any CPU
	EndGlobalSection
	GlobalSection(ProjectConfigurationPlatforms) = postSolution
		{34BB9A08-291B-494A-977F-4FC635F8224A}.Debug|Any CPU.ActiveCfg = Debug|Any CPU
		{34BB9A08-291B-494A-977F-4FC635F8224A}.Debug|Any CPU.Build.0 = Debug|Any CPU
		{34BB9A08-291B-494A-977F-4FC635F8224A}.Debug|Any CPU.Deploy.0 = Debug|Any CPU
		{34BB9A08-291B-494A-977F-4FC635F8224A}.Release|Any CPU.ActiveCfg = Release|Any CPU
		{34BB9A08-291B-494A-977F-4FC635F8224A}.Release|Any CPU.Build.0 = Release|Any CPU
		{34BB9A08-291B-494A-977F-4FC635F8224A}.Release|Any CPU.Deploy.0 = Release|Any CPU
		{B9C59462-5B6F-48F2-8005-22024B0D0531}.Debug|Any CPU.ActiveCfg = Debug|Any CPU
		{B9C59462-5B6F-48F2-8005-22024B0D0531}.Debug|Any CPU.Build.0 = Debug|Any CPU
		{B9C59462-5B6F-48F2-8005-22024B0D0531}.Debug|Any CPU.Deploy.0 = Debug|Any CPU
		{B9C59462-5B6F-48F2-8005-22024B0D0531}.Release|Any CPU.ActiveCfg = Release|Any CPU
		{B9C59462-5B6F-48F2-8005-22024B0D0531}.Release|Any CPU.Build.0 = Release|Any CPU
		{B9C59462-5B6F-48F2-8005-22024B0D0531}.Release|Any CPU.Deploy.0 = Release|Any CPU
	EndGlobalSection
	GlobalSection(SolutionProperties) = preSolution
		HideSolutionNode = FALSE
	EndGlobalSection
	GlobalSection(ExtensibilityGlobals) = postSolution
		SolutionGuid = {00264206-1C5C-4461-9FF1-BB763B5848F9}
	EndGlobalSection
EndGlobal
